
Microsoft Visual Studio Solution File, Format Version 12.00
# Visual Studio Version 17
VisualStudioVersion = 17.4.33110.190
MinimumVisualStudioVersion = 10.0.40219.1
Project("{FAE04EC0-301F-11D3-BF4B-00C04F79EFBC}") = "RouteOptimization", "RouteOptimization\RouteOptimization.csproj", "{8392D9FB-9F75-4B82-ABD2-EF3748DC7C90}"
EndProject
Project("{2150E333-8FDC-42A3-9474-1A3956D46DE8}") = "Tests", "Tests", "{A22FC39C-A5EB-4140-96E0-50B3198E5F44}"
EndProject
Project("{FAE04EC0-301F-11D3-BF4B-00C04F79EFBC}") = "RouteOptimization.UnitTest", "Tests\RouteOptimization.UnitTest\RouteOptimization.UnitTest.csproj", "{909AB678-19FE-43CD-B431-E2AD2A20CFD1}"
EndProject
Global
	GlobalSection(SolutionProperties) = preSolution
		HideSolutionNode = FALSE
	EndGlobalSection
	GlobalSection(ExtensibilityGlobals) = postSolution
		SolutionGuid = {96758983-27E3-4D7C-8111-E29CA3F81F1A}
	EndGlobalSection
	GlobalSection(SolutionConfigurationPlatforms) = preSolution
		Debug|Any CPU = Debug|Any CPU
		Debug|x64 = Debug|x64
		Debug|x86 = Debug|x86
		Release|Any CPU = Release|Any CPU
		Release|x64 = Release|x64
		Release|x86 = Release|x86
	EndGlobalSection
	GlobalSection(ProjectConfigurationPlatforms) = postSolution
		{8392D9FB-9F75-4B82-ABD2-EF3748DC7C90}.Debug|Any CPU.ActiveCfg = Debug|Any CPU
		{8392D9FB-9F75-4B82-ABD2-EF3748DC7C90}.Debug|Any CPU.Build.0 = Debug|Any CPU
		{8392D9FB-9F75-4B82-ABD2-EF3748DC7C90}.Debug|x64.ActiveCfg = Debug|Any CPU
		{8392D9FB-9F75-4B82-ABD2-EF3748DC7C90}.Debug|x64.Build.0 = Debug|Any CPU
		{8392D9FB-9F75-4B82-ABD2-EF3748DC7C90}.Debug|x86.ActiveCfg = Debug|Any CPU
		{8392D9FB-9F75-4B82-ABD2-EF3748DC7C90}.Debug|x86.Build.0 = Debug|Any CPU
		{8392D9FB-9F75-4B82-ABD2-EF3748DC7C90}.Release|Any CPU.ActiveCfg = Release|Any CPU
		{8392D9FB-9F75-4B82-ABD2-EF3748DC7C90}.Release|Any CPU.Build.0 = Release|Any CPU
		{8392D9FB-9F75-4B82-ABD2-EF3748DC7C90}.Release|x64.ActiveCfg = Release|Any CPU
		{8392D9FB-9F75-4B82-ABD2-EF3748DC7C90}.Release|x64.Build.0 = Release|Any CPU
		{8392D9FB-9F75-4B82-ABD2-EF3748DC7C90}.Release|x86.ActiveCfg = Release|Any CPU
		{8392D9FB-9F75-4B82-ABD2-EF3748DC7C90}.Release|x86.Build.0 = Release|Any CPU
		{909AB678-19FE-43CD-B431-E2AD2A20CFD1}.Debug|Any CPU.ActiveCfg = Debug|Any CPU
		{909AB678-19FE-43CD-B431-E2AD2A20CFD1}.Debug|Any CPU.Build.0 = Debug|Any CPU
		{909AB678-19FE-43CD-B431-E2AD2A20CFD1}.Debug|x64.ActiveCfg = Debug|Any CPU
		{909AB678-19FE-43CD-B431-E2AD2A20CFD1}.Debug|x64.Build.0 = Debug|Any CPU
		{909AB678-19FE-43CD-B431-E2AD2A20CFD1}.Debug|x86.ActiveCfg = Debug|Any CPU
		{909AB678-19FE-43CD-B431-E2AD2A20CFD1}.Debug|x86.Build.0 = Debug|Any CPU
		{909AB678-19FE-43CD-B431-E2AD2A20CFD1}.Release|Any CPU.ActiveCfg = Release|Any CPU
		{909AB678-19FE-43CD-B431-E2AD2A20CFD1}.Release|Any CPU.Build.0 = Release|Any CPU
		{909AB678-19FE-43CD-B431-E2AD2A20CFD1}.Release|x64.ActiveCfg = Release|Any CPU
		{909AB678-19FE-43CD-B431-E2AD2A20CFD1}.Release|x64.Build.0 = Release|Any CPU
		{909AB678-19FE-43CD-B431-E2AD2A20CFD1}.Release|x86.ActiveCfg = Release|Any CPU
		{909AB678-19FE-43CD-B431-E2AD2A20CFD1}.Release|x86.Build.0 = Release|Any CPU
	EndGlobalSection
	GlobalSection(NestedProjects) = preSolution
		{909AB678-19FE-43CD-B431-E2AD2A20CFD1} = {A22FC39C-A5EB-4140-96E0-50B3198E5F44}
	EndGlobalSection
EndGlobal
